
Microsoft Visual Studio Solution File, Format Version 12.00
# Visual Studio Version 17
VisualStudioVersion = 17.6.33815.320
MinimumVisualStudioVersion = 10.0.40219.1
Project("{9A19103F-16F7-4668-BE54-9A1E7A4F7556}") = "BlazorApp1", "BlazorApp1\BlazorApp1.csproj", "{185C7334-E167-4B13-8E31-257176784699}"
EndProject
Global
	GlobalSection(SolutionConfigurationPlatforms) = preSolution
		Debug|Any CPU = Debug|Any CPU
		Release|Any CPU = Release|Any CPU
	EndGlobalSection
	GlobalSection(ProjectConfigurationPlatforms) = postSolution
		{185C7334-E167-4B13-8E31-257176784699}.Debug|Any CPU.ActiveCfg = Debug|Any CPU
		{185C7334-E167-4B13-8E31-257176784699}.Debug|Any CPU.Build.0 = Debug|Any CPU
		{185C7334-E167-4B13-8E31-257176784699}.Release|Any CPU.ActiveCfg = Release|Any CPU
		{185C7334-E167-4B13-8E31-257176784699}.Release|Any CPU.Build.0 = Release|Any CPU
	EndGlobalSection
	GlobalSection(SolutionProperties) = preSolution
		HideSolutionNode = FALSE
	EndGlobalSection
	GlobalSection(ExtensibilityGlobals) = postSolution
		SolutionGuid = {6C20EC4F-8D53-45AD-B02B-F93416724C9D}
	EndGlobalSection
EndGlobal
